// !$*UTF8*$!
{
	archiveVersion = 1;
	classes = {
	};
	objectVersion = 46;
	objects = {

		8BFCAF1567B5D70DE56761A9 = {isa = PBXBuildFile; fileRef = 19623CDFA4AC67BD70755AE5; };
		49BCBF3A87E7308F650EA6F7 = {isa = PBXBuildFile; fileRef = 13846321331946551C5FBF2C; };
		50654ED639D738ED69C50B2B = {isa = PBXBuildFile; fileRef = 8C12DDB28DBCFB643B1E7F63; };
		F053BBFE8F9297B7EF6512C0 = {isa = PBXBuildFile; fileRef = 1482DF8E53C02C61FE8C9299; };
		962FB1D6F0A0AA61499F4D73 = {isa = PBXBuildFile; fileRef = 6EB404094F84C87A75A07C47; };
		4C98A70C5641CC39B2E3858C = {isa = PBXBuildFile; fileRef = 306EB137AB9A5959C02BE30E; };
		11F60CB953C4D93847BB8C71 = {isa = PBXBuildFile; fileRef = E0DE13B94F3B7F2ABE1B3469; };
		725250BCF77F4EF992B8CC95 = {isa = PBXBuildFile; fileRef = 56CDB9FCD909992514617924; };
		519172D4BC23032CAEF91364 = {isa = PBXBuildFile; fileRef = B77B4F1D3C2A9939BAD1E58C; };
		AD0868F03B25871330E5BF08 = {isa = PBXBuildFile; fileRef = C184000E5B1AA49E77206AD2; };
		7D4205E7EE1646A9A751FD16 = {isa = PBXBuildFile; fileRef = A106B3DE12C18798AAB5A9A3; };
		16B3066DDEED1187E4CAB277 = {isa = PBXBuildFile; fileRef = 8B4AB8F0CAE149215259AFAD; };
		3E6B21799D28911CADD16926 = {isa = PBXBuildFile; fileRef = D188E3BD848876C38B2E9028; };
		32AFC1D74AB46A1D07038ABC = {isa = PBXBuildFile; fileRef = F61D150CB831DDD63E75F80C; };
		72CC80ABCA13443A26DD7FFC = {isa = PBXBuildFile; fileRef = A70B21F6678DB84823A4A269; };
		E0F979EBDEE10CBFC451E347 = {isa = PBXBuildFile; fileRef = 637B38903D7F411B5B1E4E9F; };
		C9545873FF0C2CCDB180AAE4 = {isa = PBXBuildFile; fileRef = 4DAC328F60D818F01E6E4B3A; };
		68100EE125BC705E13E05044 = {isa = PBXBuildFile; fileRef = 82F9ED3688E110C42DF94091; };
		7CB79120D3542D9029E465F9 = {isa = PBXBuildFile; fileRef = 68D474B89372EBA8E7624FC2; };
		E8C8F6A4CFF5FF8DE94ED472 = {isa = PBXBuildFile; fileRef = 01FDFA8C397EFE554409ED14; };
		48BA07035C3EDB69BD931F52 = {isa = PBXBuildFile; fileRef = 8AFB755F56E45CF980C75227; };
		27A0659F95430CEA18B2C75E = {isa = PBXBuildFile; fileRef = BC9B4FF947C26623A8DA3F7F; };
		97AECA6FA0CC36A52E7D9832 = {isa = PBXBuildFile; fileRef = 76220607C683280910079A25; };
		16AF2C8B7436205FF83A21B8 = {isa = PBXBuildFile; fileRef = F4349A3457B2351DF0A1B3DA; };
		74168B923CFB3D8A320F530E = {isa = PBXBuildFile; fileRef = 730DA4051D95A52991401235; };
		819BE560CBE231A08E4FA981 = {isa = PBXBuildFile; fileRef = F3C1BDD6F22AB9C150B17241; };
		2A5FE1A15FF9665B45FD6217 = {isa = PBXBuildFile; fileRef = 7451F763B2936ECECE00C0F1; };
		B220C2D4030E1E9C74C3F861 = {isa = PBXBuildFile; fileRef = 50FD946AEAE7864C3F23171B; };
		C04A0B6406B933BCDD307DF1 = {isa = PBXBuildFile; fileRef = 3781FFA6FF0CE90729979BDE; };
		C5680118DC82B948AC395ACD = {isa = PBXBuildFile; fileRef = 269A55CA4AC3759FF75DD365; };
		922BB357D34BC5B3CDEAB4F9 = {isa = PBXBuildFile; fileRef = 5535AB62E9F7C6BED3E7A6B1; };
		7160CC99457B5512326A8F0B = {isa = PBXBuildFile; fileRef = EB1159002F3E5E9B1D7D72A1; };
		2C854ADDAB06E5B6DFFAC6FA = {isa = PBXBuildFile; fileRef = 04E2E162DEF58FEBDAD5C1FB; };
		90E924A02E4F770CE5984717 = {isa = PBXBuildFile; fileRef = 96AD19A2BB3D8E1ADB16F7E2; };
		9FEBF75C262D072FFEEF3DC1 = {isa = PBXBuildFile; fileRef = 89F8B2C1FDB7D54606164326; };
		D8FD87BF9AF354A786DCF4EB = {isa = PBXBuildFile; fileRef = FD9E3F29457CA91DD050F53C; };
		E1F12A0D5E3C6133CB23CED8 = {isa = PBXBuildFile; fileRef = B827B04F3DD03B8E8C637FC2; };
		736AE1C4ADEB8A5873228042 = {isa = PBXBuildFile; fileRef = C017692F24AC06F824974B62; };
		7700EC89D11D7F74ADD6D635 = {isa = PBXBuildFile; fileRef = ECE56B13D256DE7535E8D0B4; };
		B433C8DBFEBED57AECCF0741 = {isa = PBXBuildFile; fileRef = 6A8821107F43ED0D300A75C4; };
		2E091A086D69242AFA19C3A9 = {isa = PBXBuildFile; fileRef = 6572429232353651BE398186; };
		2F99587F499E32FCA903B7A7 = {isa = PBXBuildFile; fileRef = 069CDE6348D6199FB9265DB0; };
		031869E237C15B8FDAA85EAD = {isa = PBXBuildFile; fileRef = 78A00EF9F0A72BC872DB9800; };
		C07FAB7181493BDD1E50BB4B = {isa = PBXBuildFile; fileRef = FD659F4E314C7F9C78B37F28; };
		BAA97987D73ED7209BD6D361 = {isa = PBXBuildFile; fileRef = 02878D2242382AE3AB938210; };
		BC821483CB9B109F9620C909 = {isa = PBXBuildFile; fileRef = 375E025CF1306D46CB788C56; };
		9A51FA3C449122F4761885FB = {isa = PBXBuildFile; fileRef = 45B9FE9FB124C084D5C4002D; };
		05DED2AED156CE13769E212F = {isa = PBXBuildFile; fileRef = 9FEB7E9E886758861FA61C41; };
		15F6FB3EBD6DDE65A1514AF1 = {isa = PBXBuildFile; fileRef = 8BAD1B8199295047C7178AF6; };
		8687A977B03C840D09B9B900 = {isa = PBXBuildFile; fileRef = 83A6D8FA188D09DA669C82D6; };
		86C8A4CC73EA8E454C85BC06 = {isa = PBXBuildFile; fileRef = D5CCCC2C437D6A33FD74824A; };
		B6FC6638CC5F4F473A1A6B59 = {isa = PBXBuildFile; fileRef = 4738D5B50D584A4CCE5C255B; };
		1E6BE660BE5716D70A2653ED = {isa = PBXBuildFile; fileRef = 63347D1F08F906E5A091DDBE; };
		E1EB350C0C219C304F4D755C = {isa = PBXBuildFile; fileRef = A420044B59179DA22B8FB95C; };
		252D0A6CD3A97144806C0AC3 = {isa = PBXBuildFile; fileRef = F7338107A251E3C4AAE98DB3; };
		565F1A749EA2418FA30862A0 = {isa = PBXBuildFile; fileRef = ACF662C7BEB1BA96E7638072; };
		DA93306493F91E350AE33043 = {isa = PBXBuildFile; fileRef = 978E38F685F75C3541267199; };
		4EF77922D7C979E9D0F93870 = {isa = PBXBuildFile; fileRef = 43C89C48897647997BB432DF; };
		E669B3F79EAEE3F37A8E974F = {isa = PBXBuildFile; fileRef = 153BA67D365D5F4DB84471EA; };
		000875893A2DCFBCD15BD475 = {isa = PBXFileReference; lastKnownFileType = file; name = "juce_opengl"; path = "../../../Downloads/JUCE/modules/juce_opengl"; sourceTree = "SOURCE_ROOT"; };
		01FDFA8C397EFE554409ED14 = {isa = PBXFileReference; lastKnownFileType = wrapper.framework; name = QuartzCore.framework; path = System/Library/Frameworks/QuartzCore.framework; sourceTree = SDKROOT; };
		02878D2242382AE3AB938210 = {isa = PBXFileReference; lastKnownFileType = sourcecode.cpp.objcpp; name = "include_juce_audio_plugin_client_VST_utils.mm"; path = "../../JuceLibraryCode/include_juce_audio_plugin_client_VST_utils.mm"; sourceTree = "SOURCE_ROOT"; };
		04E2E162DEF58FEBDAD5C1FB = {isa = PBXFileReference; lastKnownFileType = sourcecode.cpp.cpp; name = maxiMFCC.cpp; path = "../../../Downloads/Maximilian-master/libs/maxiMFCC.cpp"; sourceTree = "SOURCE_ROOT"; };
		069CDE6348D6199FB9265DB0 = {isa = PBXFileReference; lastKnownFileType = sourcecode.cpp.objcpp; name = "include_juce_audio_plugin_client_AU_2.mm"; path = "../../JuceLibraryCode/include_juce_audio_plugin_client_AU_2.mm"; sourceTree = "SOURCE_ROOT"; };
		126662766035D10FE6F23743 = {isa = PBXFileReference; lastKnownFileType = text.plist.xml; name = "Archetype_Synth.entitlements"; path = "Archetype_Synth.entitlements"; sourceTree = "SOURCE_ROOT"; };
		1382764F8D4135D961A53E7D = {isa = PBXFileReference; lastKnownFileType = sourcecode.c.h; name = maxiAtoms.h; path = "../../../Downloads/Maximilian-master/libs/maxiAtoms.h"; sourceTree = "SOURCE_ROOT"; };
		161DDC0E6B09A967DC2165D1 = {isa = PBXFileReference; lastKnownFileType = sourcecode.c.h; name = PluginEditor.h; path = ../../Source/PluginEditor.h; sourceTree = "SOURCE_ROOT"; };
		19623CDFA4AC67BD70755AE5 = {isa = PBXFileReference; explicitFileType = wrapper.cfbundle; includeInIndex = 0; path = "Archetype_Synth.vst"; sourceTree = "BUILT_PRODUCTS_DIR"; };
		13846321331946551C5FBF2C = {isa = PBXFileReference; explicitFileType = wrapper.cfbundle; includeInIndex = 0; path = "Archetype_Synth.vst3"; sourceTree = "BUILT_PRODUCTS_DIR"; };
		153BA67D365D5F4DB84471EA = {isa = PBXFileReference; lastKnownFileType = sourcecode.cpp.objcpp; name = "include_juce_video.mm"; path = "../../JuceLibraryCode/include_juce_video.mm"; sourceTree = "SOURCE_ROOT"; };
		1EBDBEA86E73D70C331D31BF = {isa = PBXFileReference; lastKnownFileType = file; name = "juce_audio_plugin_client"; path = "../../../Downloads/JUCE/modules/juce_audio_plugin_client"; sourceTree = "SOURCE_ROOT"; };
		269A55CA4AC3759FF75DD365 = {isa = PBXFileReference; lastKnownFileType = sourcecode.cpp.cpp; name = maxiBark.cpp; path = "../../../Downloads/Maximilian-master/libs/maxiBark.cpp"; sourceTree = "SOURCE_ROOT"; };
		289FD45CD86FF123967F9E4A = {isa = PBXFileReference; lastKnownFileType = sourcecode.c.h; name = Filter.h; path = ../../Source/Filter.h; sourceTree = "SOURCE_ROOT"; };
		306EB137AB9A5959C02BE30E = {isa = PBXFileReference; lastKnownFileType = wrapper.framework; name = Accelerate.framework; path = System/Library/Frameworks/Accelerate.framework; sourceTree = SDKROOT; };
		3237BB902BE6C481435E0FEE = {isa = PBXFileReference; lastKnownFileType = sourcecode.c.h; name = PluginProcessor.h; path = ../../Source/PluginProcessor.h; sourceTree = "SOURCE_ROOT"; };
		375E025CF1306D46CB788C56 = {isa = PBXFileReference; lastKnownFileType = sourcecode.cpp.cpp; name = "include_juce_audio_plugin_client_VST2.cpp"; path = "../../JuceLibraryCode/include_juce_audio_plugin_client_VST2.cpp"; sourceTree = "SOURCE_ROOT"; };
		3781FFA6FF0CE90729979BDE = {isa = PBXFileReference; lastKnownFileType = sourcecode.cpp.cpp; name = maxiAtoms.cpp; path = "../../../Downloads/Maximilian-master/libs/maxiAtoms.cpp"; sourceTree = "SOURCE_ROOT"; };
		393E1D58A302D2ECC91DC1FB = {isa = PBXFileReference; lastKnownFileType = sourcecode.c.h; name = SynthVoice.h; path = ../../Source/SynthVoice.h; sourceTree = "SOURCE_ROOT"; };
		3D9A8F7B70E4A11957D504B6 = {isa = PBXFileReference; lastKnownFileType = file; name = "juce_audio_devices"; path = "../../../Downloads/JUCE/modules/juce_audio_devices"; sourceTree = "SOURCE_ROOT"; };
		40BAEF69A173F2DA06C3B905 = {isa = PBXFileReference; lastKnownFileType = file; name = "juce_gui_extra"; path = "../../../Downloads/JUCE/modules/juce_gui_extra"; sourceTree = "SOURCE_ROOT"; };
		43C89C48897647997BB432DF = {isa = PBXFileReference; lastKnownFileType = sourcecode.cpp.objcpp; name = "include_juce_opengl.mm"; path = "../../JuceLibraryCode/include_juce_opengl.mm"; sourceTree = "SOURCE_ROOT"; };
		45B9FE9FB124C084D5C4002D = {isa = PBXFileReference; lastKnownFileType = sourcecode.cpp.cpp; name = "include_juce_audio_plugin_client_VST3.cpp"; path = "../../JuceLibraryCode/include_juce_audio_plugin_client_VST3.cpp"; sourceTree = "SOURCE_ROOT"; };
		4738D5B50D584A4CCE5C255B = {isa = PBXFileReference; lastKnownFileType = sourcecode.cpp.objcpp; name = "include_juce_data_structures.mm"; path = "../../JuceLibraryCode/include_juce_data_structures.mm"; sourceTree = "SOURCE_ROOT"; };
		477EF1FC21D723F917543A88 = {isa = PBXFileReference; lastKnownFileType = sourcecode.c.h; name = JuceHeader.h; path = ../../JuceLibraryCode/JuceHeader.h; sourceTree = "SOURCE_ROOT"; };
		4CB080ACB69E496815E8222E = {isa = PBXFileReference; lastKnownFileType = sourcecode.c.h; name = maximilian.h; path = "../../../Downloads/Maximilian-master/maximilian.h"; sourceTree = "SOURCE_ROOT"; };
		4D8C2003F32168B0082F2CCC = {isa = PBXFileReference; lastKnownFileType = sourcecode.c.h; name = SynthSound.h; path = ../../Source/SynthSound.h; sourceTree = "SOURCE_ROOT"; };
		4DAC328F60D818F01E6E4B3A = {isa = PBXFileReference; lastKnownFileType = wrapper.framework; name = DiscRecording.framework; path = System/Library/Frameworks/DiscRecording.framework; sourceTree = SDKROOT; };
		50FD946AEAE7864C3F23171B = {isa = PBXFileReference; lastKnownFileType = sourcecode.cpp.cpp; name = fft.cpp; path = "../../../Downloads/Maximilian-master/libs/fft.cpp"; sourceTree = "SOURCE_ROOT"; };
		54D59DB968AE761AD6884769 = {isa = PBXFileReference; lastKnownFileType = text.plist.xml; name = "Info-AU.plist"; path = "Info-AU.plist"; sourceTree = "SOURCE_ROOT"; };
		5535AB62E9F7C6BED3E7A6B1 = {isa = PBXFileReference; lastKnownFileType = sourcecode.cpp.cpp; name = maxiFFT.cpp; path = "../../../Downloads/Maximilian-master/libs/maxiFFT.cpp"; sourceTree = "SOURCE_ROOT"; };
		56CDB9FCD909992514617924 = {isa = PBXFileReference; lastKnownFileType = wrapper.framework; name = AudioUnit.framework; path = System/Library/Frameworks/AudioUnit.framework; sourceTree = SDKROOT; };
		5AD3960B2C9E232FC5CAD8F4 = {isa = PBXFileReference; lastKnownFileType = sourcecode.c.h; name = AppConfig.h; path = ../../JuceLibraryCode/AppConfig.h; sourceTree = "SOURCE_ROOT"; };
		5E05563D4FD19C1BD804AC5B = {isa = PBXFileReference; lastKnownFileType = file; name = "juce_audio_utils"; path = "../../../Downloads/JUCE/modules/juce_audio_utils"; sourceTree = "SOURCE_ROOT"; };
		63347D1F08F906E5A091DDBE = {isa = PBXFileReference; lastKnownFileType = sourcecode.cpp.objcpp; name = "include_juce_dsp.mm"; path = "../../JuceLibraryCode/include_juce_dsp.mm"; sourceTree = "SOURCE_ROOT"; };
		8C12DDB28DBCFB643B1E7F63 = {isa = PBXFileReference; explicitFileType = wrapper.cfbundle; includeInIndex = 0; path = "Archetype_Synth.component"; sourceTree = "BUILT_PRODUCTS_DIR"; };
		1482DF8E53C02C61FE8C9299 = {isa = PBXFileReference; explicitFileType = wrapper.application; includeInIndex = 0; path = "Archetype_Synth.app"; sourceTree = "BUILT_PRODUCTS_DIR"; };
		637B38903D7F411B5B1E4E9F = {isa = PBXFileReference; lastKnownFileType = wrapper.framework; name = CoreMIDI.framework; path = System/Library/Frameworks/CoreMIDI.framework; sourceTree = SDKROOT; };
		6572429232353651BE398186 = {isa = PBXFileReference; lastKnownFileType = sourcecode.cpp.objcpp; name = "include_juce_audio_plugin_client_AU_1.mm"; path = "../../JuceLibraryCode/include_juce_audio_plugin_client_AU_1.mm"; sourceTree = "SOURCE_ROOT"; };
		68D474B89372EBA8E7624FC2 = {isa = PBXFileReference; lastKnownFileType = wrapper.framework; name = OpenGL.framework; path = System/Library/Frameworks/OpenGL.framework; sourceTree = SDKROOT; };
		6A8821107F43ED0D300A75C4 = {isa = PBXFileReference; lastKnownFileType = file.r; name = "include_juce_audio_plugin_client_AU.r"; path = "../../JuceLibraryCode/include_juce_audio_plugin_client_AU.r"; sourceTree = "SOURCE_ROOT"; };
		6EB404094F84C87A75A07C47 = {isa = PBXFileReference; explicitFileType = archive.ar; includeInIndex = 0; path = "libArchetype_Synth.a"; sourceTree = "BUILT_PRODUCTS_DIR"; };
		730DA4051D95A52991401235 = {isa = PBXFileReference; lastKnownFileType = sourcecode.cpp.cpp; name = Oscillator.cpp; path = ../../Source/Oscillator.cpp; sourceTree = "SOURCE_ROOT"; };
		7451F763B2936ECECE00C0F1 = {isa = PBXFileReference; lastKnownFileType = sourcecode.cpp.cpp; name = PluginEditor.cpp; path = ../../Source/PluginEditor.cpp; sourceTree = "SOURCE_ROOT"; };
		76220607C683280910079A25 = {isa = PBXFileReference; lastKnownFileType = sourcecode.cpp.cpp; name = Filter.cpp; path = ../../Source/Filter.cpp; sourceTree = "SOURCE_ROOT"; };
		777462A7A3D79D0E4A52D612 = {isa = PBXFileReference; lastKnownFileType = sourcecode.c.h; name = maxim.h; path = "../../../Downloads/Maximilian-master/libs/maxim.h"; sourceTree = "SOURCE_ROOT"; };
		77D60EC3D7965FDBAFEDE2CB = {isa = PBXFileReference; lastKnownFileType = file; name = "juce_events"; path = "../../../Downloads/JUCE/modules/juce_events"; sourceTree = "SOURCE_ROOT"; };
		78387CE71ACFD582E8098667 = {isa = PBXFileReference; lastKnownFileType = file; name = "juce_audio_basics"; path = "../../../Downloads/JUCE/modules/juce_audio_basics"; sourceTree = "SOURCE_ROOT"; };
		7855C44EF78F8047A6A6FC68 = {isa = PBXFileReference; lastKnownFileType = file; name = "juce_gui_basics"; path = "../../../Downloads/JUCE/modules/juce_gui_basics"; sourceTree = "SOURCE_ROOT"; };
		78A00EF9F0A72BC872DB9800 = {isa = PBXFileReference; lastKnownFileType = sourcecode.cpp.cpp; name = "include_juce_audio_plugin_client_Standalone.cpp"; path = "../../JuceLibraryCode/include_juce_audio_plugin_client_Standalone.cpp"; sourceTree = "SOURCE_ROOT"; };
		7AD702E9754594AD9E6917D5 = {isa = PBXFileReference; lastKnownFileType = file; name = "juce_core"; path = "../../../Downloads/JUCE/modules/juce_core"; sourceTree = "SOURCE_ROOT"; };
		82F9ED3688E110C42DF94091 = {isa = PBXFileReference; lastKnownFileType = wrapper.framework; name = IOKit.framework; path = System/Library/Frameworks/IOKit.framework; sourceTree = SDKROOT; };
		83A6D8FA188D09DA669C82D6 = {isa = PBXFileReference; lastKnownFileType = sourcecode.cpp.objcpp; name = "include_juce_core.mm"; path = "../../JuceLibraryCode/include_juce_core.mm"; sourceTree = "SOURCE_ROOT"; };
		89F8B2C1FDB7D54606164326 = {isa = PBXFileReference; lastKnownFileType = sourcecode.cpp.cpp; name = maximilian.cpp; path = "../../../Downloads/Maximilian-master/maximilian.cpp"; sourceTree = "SOURCE_ROOT"; };
		8ABEF3439803FA9CDCF2BD1A = {isa = PBXFileReference; lastKnownFileType = sourcecode.c.h; name = CustomOscillator.h; path = ../../Source/CustomOscillator.h; sourceTree = "SOURCE_ROOT"; };
		8AFB755F56E45CF980C75227 = {isa = PBXFileReference; lastKnownFileType = wrapper.framework; name = WebKit.framework; path = System/Library/Frameworks/WebKit.framework; sourceTree = SDKROOT; };
		8B4AB8F0CAE149215259AFAD = {isa = PBXFileReference; lastKnownFileType = wrapper.framework; name = Cocoa.framework; path = System/Library/Frameworks/Cocoa.framework; sourceTree = SDKROOT; };
		8BAD1B8199295047C7178AF6 = {isa = PBXFileReference; lastKnownFileType = sourcecode.cpp.objcpp; name = "include_juce_audio_utils.mm"; path = "../../JuceLibraryCode/include_juce_audio_utils.mm"; sourceTree = "SOURCE_ROOT"; };
		96AD19A2BB3D8E1ADB16F7E2 = {isa = PBXFileReference; lastKnownFileType = sourcecode.cpp.cpp; name = main.cpp; path = "../../../Downloads/Maximilian-master/main.cpp"; sourceTree = "SOURCE_ROOT"; };
		978E38F685F75C3541267199 = {isa = PBXFileReference; lastKnownFileType = sourcecode.cpp.objcpp; name = "include_juce_gui_extra.mm"; path = "../../JuceLibraryCode/include_juce_gui_extra.mm"; sourceTree = "SOURCE_ROOT"; };
		9FEB7E9E886758861FA61C41 = {isa = PBXFileReference; lastKnownFileType = sourcecode.cpp.objcpp; name = "include_juce_audio_processors.mm"; path = "../../JuceLibraryCode/include_juce_audio_processors.mm"; sourceTree = "SOURCE_ROOT"; };
		A106B3DE12C18798AAB5A9A3 = {isa = PBXFileReference; lastKnownFileType = wrapper.framework; name = Carbon.framework; path = System/Library/Frameworks/Carbon.framework; sourceTree = SDKROOT; };
		A420044B59179DA22B8FB95C = {isa = PBXFileReference; lastKnownFileType = sourcecode.cpp.objcpp; name = "include_juce_events.mm"; path = "../../JuceLibraryCode/include_juce_events.mm"; sourceTree = "SOURCE_ROOT"; };
		A70B21F6678DB84823A4A269 = {isa = PBXFileReference; lastKnownFileType = wrapper.framework; name = CoreMedia.framework; path = System/Library/Frameworks/CoreMedia.framework; sourceTree = SDKROOT; };
		ACF662C7BEB1BA96E7638072 = {isa = PBXFileReference; lastKnownFileType = sourcecode.cpp.objcpp; name = "include_juce_gui_basics.mm"; path = "../../JuceLibraryCode/include_juce_gui_basics.mm"; sourceTree = "SOURCE_ROOT"; };
		AD560C32712E85CD5F8B9291 = {isa = PBXFileReference; lastKnownFileType = file; name = "juce_graphics"; path = "../../../Downloads/JUCE/modules/juce_graphics"; sourceTree = "SOURCE_ROOT"; };
		B77B4F1D3C2A9939BAD1E58C = {isa = PBXFileReference; lastKnownFileType = wrapper.framework; name = AVFoundation.framework; path = System/Library/Frameworks/AVFoundation.framework; sourceTree = SDKROOT; };
		B827B04F3DD03B8E8C637FC2 = {isa = PBXFileReference; lastKnownFileType = sourcecode.cpp.objcpp; name = "include_juce_audio_basics.mm"; path = "../../JuceLibraryCode/include_juce_audio_basics.mm"; sourceTree = "SOURCE_ROOT"; };
		BC9B4FF947C26623A8DA3F7F = {isa = PBXFileReference; lastKnownFileType = file.nib; name = RecentFilesMenuTemplate.nib; path = RecentFilesMenuTemplate.nib; sourceTree = "SOURCE_ROOT"; };
		BD5C52F7A6BEA50B5D6B57FF = {isa = PBXFileReference; lastKnownFileType = file; name = "juce_data_structures"; path = "../../../Downloads/JUCE/modules/juce_data_structures"; sourceTree = "SOURCE_ROOT"; };
		BFD81DAB3128F49A65953BF8 = {isa = PBXFileReference; lastKnownFileType = sourcecode.c.h; name = maxiGrains.h; path = "../../../Downloads/Maximilian-master/libs/maxiGrains.h"; sourceTree = "SOURCE_ROOT"; };
		C017692F24AC06F824974B62 = {isa = PBXFileReference; lastKnownFileType = sourcecode.cpp.objcpp; name = "include_juce_audio_devices.mm"; path = "../../JuceLibraryCode/include_juce_audio_devices.mm"; sourceTree = "SOURCE_ROOT"; };
		C132E75A24179E902E5004EC = {isa = PBXFileReference; lastKnownFileType = sourcecode.c.h; name = Envelope.h; path = ../../Source/Envelope.h; sourceTree = "SOURCE_ROOT"; };
		C17437AC1A7C4F60343A4FBD = {isa = PBXFileReference; lastKnownFileType = text.plist.xml; name = "Info-VST3.plist"; path = "Info-VST3.plist"; sourceTree = "SOURCE_ROOT"; };
		C184000E5B1AA49E77206AD2 = {isa = PBXFileReference; lastKnownFileType = wrapper.framework; name = AVKit.framework; path = System/Library/Frameworks/AVKit.framework; sourceTree = SDKROOT; };
		C18D2F799CDF9DCD071E7722 = {isa = PBXFileReference; lastKnownFileType = file; name = "juce_audio_formats"; path = "../../../Downloads/JUCE/modules/juce_audio_formats"; sourceTree = "SOURCE_ROOT"; };
		C7674505F3CDD4E20191133D = {isa = PBXFileReference; lastKnownFileType = sourcecode.c.h; name = maxiFFT.h; path = "../../../Downloads/Maximilian-master/libs/maxiFFT.h"; sourceTree = "SOURCE_ROOT"; };
		C8D93B214E4E641A91C74F14 = {isa = PBXFileReference; lastKnownFileType = sourcecode.c.h; name = maxiMFCC.h; path = "../../../Downloads/Maximilian-master/libs/maxiMFCC.h"; sourceTree = "SOURCE_ROOT"; };
		CFC5E563F4D3D3B2953458E6 = {isa = PBXFileReference; lastKnownFileType = file; name = "juce_video"; path = "../../../Downloads/JUCE/modules/juce_video"; sourceTree = "SOURCE_ROOT"; };
		D188E3BD848876C38B2E9028 = {isa = PBXFileReference; lastKnownFileType = wrapper.framework; name = CoreAudio.framework; path = System/Library/Frameworks/CoreAudio.framework; sourceTree = SDKROOT; };
		D1D641E1C446A76562474EAE = {isa = PBXFileReference; lastKnownFileType = sourcecode.c.h; name = sineTable.h; path = "../../../Downloads/Maximilian-master/libs/sineTable.h"; sourceTree = "SOURCE_ROOT"; };
		D5CCCC2C437D6A33FD74824A = {isa = PBXFileReference; lastKnownFileType = sourcecode.cpp.objcpp; name = "include_juce_cryptography.mm"; path = "../../JuceLibraryCode/include_juce_cryptography.mm"; sourceTree = "SOURCE_ROOT"; };
		DA4573E2AFF0AB243B7F955B = {isa = PBXFileReference; lastKnownFileType = file; name = "juce_dsp"; path = "../../../Downloads/JUCE/modules/juce_dsp"; sourceTree = "SOURCE_ROOT"; };
		DC5CABE6328CB43C4231346C = {isa = PBXFileReference; lastKnownFileType = text.plist.xml; name = "Info-VST.plist"; path = "Info-VST.plist"; sourceTree = "SOURCE_ROOT"; };
		DE240A1AAB363B0732275F47 = {isa = PBXFileReference; lastKnownFileType = file; name = "juce_audio_processors"; path = "../../../Downloads/JUCE/modules/juce_audio_processors"; sourceTree = "SOURCE_ROOT"; };
		E0DE13B94F3B7F2ABE1B3469 = {isa = PBXFileReference; lastKnownFileType = wrapper.framework; name = AudioToolbox.framework; path = System/Library/Frameworks/AudioToolbox.framework; sourceTree = SDKROOT; };
		EB1159002F3E5E9B1D7D72A1 = {isa = PBXFileReference; lastKnownFileType = sourcecode.cpp.cpp; name = maxiGrains.cpp; path = "../../../Downloads/Maximilian-master/libs/maxiGrains.cpp"; sourceTree = "SOURCE_ROOT"; };
		ECE56B13D256DE7535E8D0B4 = {isa = PBXFileReference; lastKnownFileType = sourcecode.cpp.objcpp; name = "include_juce_audio_formats.mm"; path = "../../JuceLibraryCode/include_juce_audio_formats.mm"; sourceTree = "SOURCE_ROOT"; };
		EF4010D3650351DA2F350425 = {isa = PBXFileReference; lastKnownFileType = sourcecode.c.h; name = fft.h; path = "../../../Downloads/Maximilian-master/libs/fft.h"; sourceTree = "SOURCE_ROOT"; };
		F2F74907A947029C88B7FFA5 = {isa = PBXFileReference; lastKnownFileType = file; name = "juce_cryptography"; path = "../../../Downloads/JUCE/modules/juce_cryptography"; sourceTree = "SOURCE_ROOT"; };
		F3C1BDD6F22AB9C150B17241 = {isa = PBXFileReference; lastKnownFileType = sourcecode.cpp.cpp; name = PluginProcessor.cpp; path = ../../Source/PluginProcessor.cpp; sourceTree = "SOURCE_ROOT"; };
		F4349A3457B2351DF0A1B3DA = {isa = PBXFileReference; lastKnownFileType = sourcecode.cpp.cpp; name = Envelope.cpp; path = ../../Source/Envelope.cpp; sourceTree = "SOURCE_ROOT"; };
		F61D150CB831DDD63E75F80C = {isa = PBXFileReference; lastKnownFileType = wrapper.framework; name = CoreAudioKit.framework; path = System/Library/Frameworks/CoreAudioKit.framework; sourceTree = SDKROOT; };
		F65BC5D814BCC505BD3B0D78 = {isa = PBXFileReference; lastKnownFileType = sourcecode.c.h; name = "stb_vorbis.h"; path = "../../../Downloads/Maximilian-master/stb_vorbis.h"; sourceTree = "SOURCE_ROOT"; };
		F7338107A251E3C4AAE98DB3 = {isa = PBXFileReference; lastKnownFileType = sourcecode.cpp.objcpp; name = "include_juce_graphics.mm"; path = "../../JuceLibraryCode/include_juce_graphics.mm"; sourceTree = "SOURCE_ROOT"; };
		F7893CDCB563E790EE36DE0F = {isa = PBXFileReference; lastKnownFileType = sourcecode.c.h; name = maxiBark.h; path = "../../../Downloads/Maximilian-master/libs/maxiBark.h"; sourceTree = "SOURCE_ROOT"; };
		F927B15A7068BBA170C72607 = {isa = PBXFileReference; lastKnownFileType = text.plist.xml; name = "Info-Standalone_Plugin.plist"; path = "Info-Standalone_Plugin.plist"; sourceTree = "SOURCE_ROOT"; };
		F97AF46203E4030A59C142FF = {isa = PBXFileReference; lastKnownFileType = sourcecode.c.h; name = Oscillator.h; path = ../../Source/Oscillator.h; sourceTree = "SOURCE_ROOT"; };
		FD659F4E314C7F9C78B37F28 = {isa = PBXFileReference; lastKnownFileType = sourcecode.cpp.cpp; name = "include_juce_audio_plugin_client_utils.cpp"; path = "../../JuceLibraryCode/include_juce_audio_plugin_client_utils.cpp"; sourceTree = "SOURCE_ROOT"; };
		FD9E3F29457CA91DD050F53C = {isa = PBXFileReference; lastKnownFileType = sourcecode.c.c; name = "stb_vorbis.c"; path = "../../../Downloads/Maximilian-master/stb_vorbis.c"; sourceTree = "SOURCE_ROOT"; };
		B7B3153BAAF2107E69057ED8 = {isa = PBXGroup; children = (
					8ABEF3439803FA9CDCF2BD1A,
					76220607C683280910079A25,
					289FD45CD86FF123967F9E4A,
					F4349A3457B2351DF0A1B3DA,
					C132E75A24179E902E5004EC,
					730DA4051D95A52991401235,
					F97AF46203E4030A59C142FF,
					393E1D58A302D2ECC91DC1FB,
					4D8C2003F32168B0082F2CCC,
					F3C1BDD6F22AB9C150B17241,
					3237BB902BE6C481435E0FEE,
					7451F763B2936ECECE00C0F1,
					161DDC0E6B09A967DC2165D1, ); name = Source; sourceTree = "<group>"; };
		6DDBA44954AF12B19ED4B723 = {isa = PBXGroup; children = (
					50FD946AEAE7864C3F23171B,
					EF4010D3650351DA2F350425,
					3781FFA6FF0CE90729979BDE,
					1382764F8D4135D961A53E7D,
					269A55CA4AC3759FF75DD365,
					F7893CDCB563E790EE36DE0F,
					5535AB62E9F7C6BED3E7A6B1,
					C7674505F3CDD4E20191133D,
					EB1159002F3E5E9B1D7D72A1,
					BFD81DAB3128F49A65953BF8,
					777462A7A3D79D0E4A52D612,
					04E2E162DEF58FEBDAD5C1FB,
					C8D93B214E4E641A91C74F14,
					D1D641E1C446A76562474EAE, ); name = libs; sourceTree = "<group>"; };
		D5ED9121F9FF56E31D97A09C = {isa = PBXGroup; children = (
					6DDBA44954AF12B19ED4B723,
					96AD19A2BB3D8E1ADB16F7E2,
					89F8B2C1FDB7D54606164326,
					4CB080ACB69E496815E8222E,
					FD9E3F29457CA91DD050F53C,
					F65BC5D814BCC505BD3B0D78, ); name = "Maximilian-master"; sourceTree = "<group>"; };
		B49F13EEC071276F05353C65 = {isa = PBXGroup; children = (
					B7B3153BAAF2107E69057ED8,
					D5ED9121F9FF56E31D97A09C, ); name = "Archetype_Synth"; sourceTree = "<group>"; };
		35A6CD0952302D1AE8DB044B = {isa = PBXGroup; children = (
					78387CE71ACFD582E8098667,
					3D9A8F7B70E4A11957D504B6,
					C18D2F799CDF9DCD071E7722,
					1EBDBEA86E73D70C331D31BF,
					DE240A1AAB363B0732275F47,
					5E05563D4FD19C1BD804AC5B,
					7AD702E9754594AD9E6917D5,
					F2F74907A947029C88B7FFA5,
					BD5C52F7A6BEA50B5D6B57FF,
					DA4573E2AFF0AB243B7F955B,
					77D60EC3D7965FDBAFEDE2CB,
					AD560C32712E85CD5F8B9291,
					7855C44EF78F8047A6A6FC68,
					40BAEF69A173F2DA06C3B905,
					000875893A2DCFBCD15BD475,
					CFC5E563F4D3D3B2953458E6, ); name = "JUCE Modules"; sourceTree = "<group>"; };
		A1EF47555547935A900E3F82 = {isa = PBXGroup; children = (
					5AD3960B2C9E232FC5CAD8F4,
					B827B04F3DD03B8E8C637FC2,
					C017692F24AC06F824974B62,
					ECE56B13D256DE7535E8D0B4,
					6A8821107F43ED0D300A75C4,
					6572429232353651BE398186,
					069CDE6348D6199FB9265DB0,
					78A00EF9F0A72BC872DB9800,
					FD659F4E314C7F9C78B37F28,
					02878D2242382AE3AB938210,
					375E025CF1306D46CB788C56,
					45B9FE9FB124C084D5C4002D,
					9FEB7E9E886758861FA61C41,
					8BAD1B8199295047C7178AF6,
					83A6D8FA188D09DA669C82D6,
					D5CCCC2C437D6A33FD74824A,
					4738D5B50D584A4CCE5C255B,
					63347D1F08F906E5A091DDBE,
					A420044B59179DA22B8FB95C,
					F7338107A251E3C4AAE98DB3,
					ACF662C7BEB1BA96E7638072,
					978E38F685F75C3541267199,
					43C89C48897647997BB432DF,
					153BA67D365D5F4DB84471EA,
					477EF1FC21D723F917543A88, ); name = "JUCE Library Code"; sourceTree = "<group>"; };
		15218F41AC281BA14A6AEC3E = {isa = PBXGroup; children = (
					DC5CABE6328CB43C4231346C,
					C17437AC1A7C4F60343A4FBD,
					54D59DB968AE761AD6884769,
					F927B15A7068BBA170C72607,
					BC9B4FF947C26623A8DA3F7F, ); name = Resources; sourceTree = "<group>"; };
		B9378D57406864E9898BDF4F = {isa = PBXGroup; children = (
					306EB137AB9A5959C02BE30E,
					E0DE13B94F3B7F2ABE1B3469,
					56CDB9FCD909992514617924,
					B77B4F1D3C2A9939BAD1E58C,
					C184000E5B1AA49E77206AD2,
					A106B3DE12C18798AAB5A9A3,
					8B4AB8F0CAE149215259AFAD,
					D188E3BD848876C38B2E9028,
					F61D150CB831DDD63E75F80C,
					A70B21F6678DB84823A4A269,
					637B38903D7F411B5B1E4E9F,
					4DAC328F60D818F01E6E4B3A,
					82F9ED3688E110C42DF94091,
					68D474B89372EBA8E7624FC2,
					01FDFA8C397EFE554409ED14,
					8AFB755F56E45CF980C75227, ); name = Frameworks; sourceTree = "<group>"; };
		B19959BD90D2026D54E9BB70 = {isa = PBXGroup; children = (
					19623CDFA4AC67BD70755AE5,
					13846321331946551C5FBF2C,
					8C12DDB28DBCFB643B1E7F63,
					1482DF8E53C02C61FE8C9299,
					6EB404094F84C87A75A07C47, ); name = Products; sourceTree = "<group>"; };
		A74C6DABD1D4A16345B1C971 = {isa = PBXGroup; children = (
					126662766035D10FE6F23743,
					B49F13EEC071276F05353C65,
					35A6CD0952302D1AE8DB044B,
					A1EF47555547935A900E3F82,
					15218F41AC281BA14A6AEC3E,
					B9378D57406864E9898BDF4F,
					B19959BD90D2026D54E9BB70, ); name = Source; sourceTree = "<group>"; };
		5C5A5A3EEEC1D50389DA47B6 = {isa = XCBuildConfiguration; buildSettings = {
				MACOSX_DEPLOYMENT_TARGET = 10.11; }; name = Debug; };
		56C8B676B17967CF2615232B = {isa = XCBuildConfiguration; buildSettings = {
				MACOSX_DEPLOYMENT_TARGET = 10.11; }; name = Release; };
		81646CD42822B21A26BC7ABB = {isa = XCBuildConfiguration; buildSettings = {
				CLANG_CXX_LANGUAGE_STANDARD = "c++14";
				CLANG_CXX_LIBRARY = "libc++";
				CLANG_LINK_OBJC_RUNTIME = NO;
				COMBINE_HIDPI_IMAGES = YES;
				CONFIGURATION_BUILD_DIR = "$(PROJECT_DIR)/build/$(CONFIGURATION)";
				COPY_PHASE_STRIP = NO;
				DEPLOYMENT_LOCATION = YES;
				DSTROOT = /;
				GCC_DYNAMIC_NO_PIC = NO;
				GCC_OPTIMIZATION_LEVEL = 0;
				GCC_PREPROCESSOR_DEFINITIONS = (
					"_DEBUG=1",
					"DEBUG=1",
					"JUCER_XCODE_MAC_F6D2F4CF=1",
					"JUCE_APP_VERSION=1.0.0",
					"JUCE_APP_VERSION_HEX=0x10000",
					"JucePlugin_Build_VST=1",
					"JucePlugin_Build_VST3=0",
					"JucePlugin_Build_AU=0",
					"JucePlugin_Build_AUv3=0",
					"JucePlugin_Build_RTAS=0",
					"JucePlugin_Build_AAX=0",
					"JucePlugin_Build_Standalone=0", );
				GCC_VERSION = com.apple.compilers.llvm.clang.1_0;
				GENERATE_PKGINFO_FILE = YES;
				HEADER_SEARCH_PATHS = ("/Users/shaikathossain/Desktop/JUCE/VST_SDK/VST3_SDK", "../../JuceLibraryCode", "../../../Downloads/JUCE/modules", "/Users/shaikathossain/Downloads/Maximilian-master", "/Users/shaikathossain/Downloads/VST_SDK/VST3_SDK/", "../../../Downloads/JUCE/modules/juce_audio_plugin_client", "$(inherited)");
				INFOPLIST_FILE = Info-VST.plist;
				INFOPLIST_PREPROCESS = NO;
				INSTALL_PATH = "$(HOME)/Library/Audio/Plug-Ins/VST/";
				LIBRARY_STYLE = Bundle;
				MACOSX_DEPLOYMENT_TARGET = 10.11;
				MACOSX_DEPLOYMENT_TARGET_ppc = 10.4;
				OTHER_LDFLAGS = "-bundle -lArchetype_Synth";
				PRODUCT_BUNDLE_IDENTIFIER = com.yourcompany.Archetype_Synth;
				SDKROOT_ppc = macosx10.5;
				USE_HEADERMAP = NO;
				WRAPPER_EXTENSION = vst; }; name = Debug; };
		36D9EC0321255EEFB5280633 = {isa = XCBuildConfiguration; buildSettings = {
				CLANG_CXX_LANGUAGE_STANDARD = "c++14";
				CLANG_CXX_LIBRARY = "libc++";
				CLANG_LINK_OBJC_RUNTIME = NO;
				COMBINE_HIDPI_IMAGES = YES;
				CONFIGURATION_BUILD_DIR = "$(PROJECT_DIR)/build/$(CONFIGURATION)";
				DEAD_CODE_STRIPPING = YES;
				DEPLOYMENT_LOCATION = YES;
				DSTROOT = /;
				GCC_GENERATE_DEBUGGING_SYMBOLS = NO;
				GCC_OPTIMIZATION_LEVEL = 3;
				GCC_PREPROCESSOR_DEFINITIONS = (
					"_NDEBUG=1",
					"NDEBUG=1",
					"JUCER_XCODE_MAC_F6D2F4CF=1",
					"JUCE_APP_VERSION=1.0.0",
					"JUCE_APP_VERSION_HEX=0x10000",
					"JucePlugin_Build_VST=1",
					"JucePlugin_Build_VST3=0",
					"JucePlugin_Build_AU=0",
					"JucePlugin_Build_AUv3=0",
					"JucePlugin_Build_RTAS=0",
					"JucePlugin_Build_AAX=0",
					"JucePlugin_Build_Standalone=0", );
				GCC_SYMBOLS_PRIVATE_EXTERN = YES;
				GCC_VERSION = com.apple.compilers.llvm.clang.1_0;
				GENERATE_PKGINFO_FILE = YES;
				HEADER_SEARCH_PATHS = ("/Users/shaikathossain/Desktop/JUCE/VST_SDK/VST3_SDK", "../../JuceLibraryCode", "../../../Downloads/JUCE/modules", "/Users/shaikathossain/Downloads/VST_SDK/VST3_SDK/", "../../../Downloads/JUCE/modules/juce_audio_plugin_client", "$(inherited)");
				INFOPLIST_FILE = Info-VST.plist;
				INFOPLIST_PREPROCESS = NO;
				INSTALL_PATH = "$(HOME)/Library/Audio/Plug-Ins/VST/";
				LIBRARY_STYLE = Bundle;
				LLVM_LTO = YES;
				MACOSX_DEPLOYMENT_TARGET = 10.11;
				MACOSX_DEPLOYMENT_TARGET_ppc = 10.4;
				OTHER_LDFLAGS = "-bundle -lArchetype_Synth";
				PRODUCT_BUNDLE_IDENTIFIER = com.yourcompany.Archetype_Synth;
				SDKROOT_ppc = macosx10.5;
				USE_HEADERMAP = NO;
				WRAPPER_EXTENSION = vst; }; name = Release; };
		21EF40B98170068881D87F5B = {isa = XCBuildConfiguration; buildSettings = {
				CLANG_CXX_LANGUAGE_STANDARD = "c++14";
				CLANG_CXX_LIBRARY = "libc++";
				CLANG_LINK_OBJC_RUNTIME = NO;
				COMBINE_HIDPI_IMAGES = YES;
				CONFIGURATION_BUILD_DIR = "$(PROJECT_DIR)/build/$(CONFIGURATION)";
				COPY_PHASE_STRIP = NO;
				DEPLOYMENT_LOCATION = YES;
				DSTROOT = /;
				GCC_DYNAMIC_NO_PIC = NO;
				GCC_OPTIMIZATION_LEVEL = 0;
				GCC_PREPROCESSOR_DEFINITIONS = (
					"_DEBUG=1",
					"DEBUG=1",
					"JUCER_XCODE_MAC_F6D2F4CF=1",
					"JUCE_APP_VERSION=1.0.0",
					"JUCE_APP_VERSION_HEX=0x10000",
					"JucePlugin_Build_VST=0",
					"JucePlugin_Build_VST3=1",
					"JucePlugin_Build_AU=0",
					"JucePlugin_Build_AUv3=0",
					"JucePlugin_Build_RTAS=0",
					"JucePlugin_Build_AAX=0",
					"JucePlugin_Build_Standalone=0", );
				GCC_VERSION = com.apple.compilers.llvm.clang.1_0;
				GENERATE_PKGINFO_FILE = YES;
				HEADER_SEARCH_PATHS = ("/Users/shaikathossain/Desktop/JUCE/VST_SDK/VST3_SDK", "../../JuceLibraryCode", "../../../Downloads/JUCE/modules", "/Users/shaikathossain/Downloads/Maximilian-master", "/Users/shaikathossain/Downloads/VST_SDK/VST3_SDK/", "../../../Downloads/JUCE/modules/juce_audio_plugin_client", "$(inherited)");
				INFOPLIST_FILE = Info-VST3.plist;
				INFOPLIST_PREPROCESS = NO;
				INSTALL_PATH = "$(HOME)/Library/Audio/Plug-Ins/VST3/";
				LIBRARY_STYLE = Bundle;
				MACOSX_DEPLOYMENT_TARGET = 10.11;
				MACOSX_DEPLOYMENT_TARGET_ppc = 10.4;
				OTHER_LDFLAGS = "-bundle -lArchetype_Synth";
				PRODUCT_BUNDLE_IDENTIFIER = com.yourcompany.Archetype_Synth;
				SDKROOT_ppc = macosx10.5;
				USE_HEADERMAP = NO;
				WRAPPER_EXTENSION = vst3; }; name = Debug; };
		FB4BC909C3812C0446AF45B6 = {isa = XCBuildConfiguration; buildSettings = {
				CLANG_CXX_LANGUAGE_STANDARD = "c++14";
				CLANG_CXX_LIBRARY = "libc++";
				CLANG_LINK_OBJC_RUNTIME = NO;
				COMBINE_HIDPI_IMAGES = YES;
				CONFIGURATION_BUILD_DIR = "$(PROJECT_DIR)/build/$(CONFIGURATION)";
				DEAD_CODE_STRIPPING = YES;
				DEPLOYMENT_LOCATION = YES;
				DSTROOT = /;
				GCC_GENERATE_DEBUGGING_SYMBOLS = NO;
				GCC_OPTIMIZATION_LEVEL = 3;
				GCC_PREPROCESSOR_DEFINITIONS = (
					"_NDEBUG=1",
					"NDEBUG=1",
					"JUCER_XCODE_MAC_F6D2F4CF=1",
					"JUCE_APP_VERSION=1.0.0",
					"JUCE_APP_VERSION_HEX=0x10000",
					"JucePlugin_Build_VST=0",
					"JucePlugin_Build_VST3=1",
					"JucePlugin_Build_AU=0",
					"JucePlugin_Build_AUv3=0",
					"JucePlugin_Build_RTAS=0",
					"JucePlugin_Build_AAX=0",
					"JucePlugin_Build_Standalone=0", );
				GCC_SYMBOLS_PRIVATE_EXTERN = YES;
				GCC_VERSION = com.apple.compilers.llvm.clang.1_0;
				GENERATE_PKGINFO_FILE = YES;
				HEADER_SEARCH_PATHS = ("/Users/shaikathossain/Desktop/JUCE/VST_SDK/VST3_SDK", "../../JuceLibraryCode", "../../../Downloads/JUCE/modules", "/Users/shaikathossain/Downloads/VST_SDK/VST3_SDK/", "../../../Downloads/JUCE/modules/juce_audio_plugin_client", "$(inherited)");
				INFOPLIST_FILE = Info-VST3.plist;
				INFOPLIST_PREPROCESS = NO;
				INSTALL_PATH = "$(HOME)/Library/Audio/Plug-Ins/VST3/";
				LIBRARY_STYLE = Bundle;
				LLVM_LTO = YES;
				MACOSX_DEPLOYMENT_TARGET = 10.11;
				MACOSX_DEPLOYMENT_TARGET_ppc = 10.4;
				OTHER_LDFLAGS = "-bundle -lArchetype_Synth";
				PRODUCT_BUNDLE_IDENTIFIER = com.yourcompany.Archetype_Synth;
				SDKROOT_ppc = macosx10.5;
				USE_HEADERMAP = NO;
				WRAPPER_EXTENSION = vst3; }; name = Release; };
		FFE85D1D13A9D7148C37CDCF = {isa = XCBuildConfiguration; buildSettings = {
				CLANG_CXX_LANGUAGE_STANDARD = "c++14";
				CLANG_CXX_LIBRARY = "libc++";
				CLANG_LINK_OBJC_RUNTIME = NO;
				COMBINE_HIDPI_IMAGES = YES;
				CONFIGURATION_BUILD_DIR = "$(PROJECT_DIR)/build/$(CONFIGURATION)";
				COPY_PHASE_STRIP = NO;
				DEPLOYMENT_LOCATION = YES;
				DSTROOT = /;
				GCC_DYNAMIC_NO_PIC = NO;
				GCC_OPTIMIZATION_LEVEL = 0;
				GCC_PREPROCESSOR_DEFINITIONS = (
					"_DEBUG=1",
					"DEBUG=1",
					"JUCER_XCODE_MAC_F6D2F4CF=1",
					"JUCE_APP_VERSION=1.0.0",
					"JUCE_APP_VERSION_HEX=0x10000",
					"JucePlugin_Build_VST=0",
					"JucePlugin_Build_VST3=0",
					"JucePlugin_Build_AU=1",
					"JucePlugin_Build_AUv3=0",
					"JucePlugin_Build_RTAS=0",
					"JucePlugin_Build_AAX=0",
					"JucePlugin_Build_Standalone=0", );
				GCC_VERSION = com.apple.compilers.llvm.clang.1_0;
				GENERATE_PKGINFO_FILE = YES;
				HEADER_SEARCH_PATHS = ("/Users/shaikathossain/Desktop/JUCE/VST_SDK/VST3_SDK", "../../JuceLibraryCode", "../../../Downloads/JUCE/modules", "/Users/shaikathossain/Downloads/Maximilian-master", "/Users/shaikathossain/Downloads/VST_SDK/VST3_SDK/", "../../../Downloads/JUCE/modules/juce_audio_plugin_client", "$(inherited)");
				INFOPLIST_FILE = Info-AU.plist;
				INFOPLIST_PREPROCESS = NO;
				INSTALL_PATH = "$(HOME)/Library/Audio/Plug-Ins/Components/";
				LIBRARY_STYLE = Bundle;
				MACOSX_DEPLOYMENT_TARGET = 10.11;
				MACOSX_DEPLOYMENT_TARGET_ppc = 10.4;
				OTHER_LDFLAGS = "-bundle -lArchetype_Synth";
				OTHER_REZFLAGS = "-d ppc_$ppc -d i386_$i386 -d ppc64_$ppc64 -d x86_64_$x86_64 -I /System/Library/Frameworks/CoreServices.framework/Frameworks/CarbonCore.framework/Versions/A/Headers -I \"$(DEVELOPER_DIR)/Extras/CoreAudio/AudioUnits/AUPublic/AUBase\"";
				PRODUCT_BUNDLE_IDENTIFIER = com.yourcompany.Archetype_Synth;
				SDKROOT_ppc = macosx10.5;
				USE_HEADERMAP = NO;
				WRAPPER_EXTENSION = component; }; name = Debug; };
		E121E966909D3E912CE06EAD = {isa = XCBuildConfiguration; buildSettings = {
				CLANG_CXX_LANGUAGE_STANDARD = "c++14";
				CLANG_CXX_LIBRARY = "libc++";
				CLANG_LINK_OBJC_RUNTIME = NO;
				COMBINE_HIDPI_IMAGES = YES;
				CONFIGURATION_BUILD_DIR = "$(PROJECT_DIR)/build/$(CONFIGURATION)";
				DEAD_CODE_STRIPPING = YES;
				DEPLOYMENT_LOCATION = YES;
				DSTROOT = /;
				GCC_GENERATE_DEBUGGING_SYMBOLS = NO;
				GCC_OPTIMIZATION_LEVEL = 3;
				GCC_PREPROCESSOR_DEFINITIONS = (
					"_NDEBUG=1",
					"NDEBUG=1",
					"JUCER_XCODE_MAC_F6D2F4CF=1",
					"JUCE_APP_VERSION=1.0.0",
					"JUCE_APP_VERSION_HEX=0x10000",
					"JucePlugin_Build_VST=0",
					"JucePlugin_Build_VST3=0",
					"JucePlugin_Build_AU=1",
					"JucePlugin_Build_AUv3=0",
					"JucePlugin_Build_RTAS=0",
					"JucePlugin_Build_AAX=0",
					"JucePlugin_Build_Standalone=0", );
				GCC_SYMBOLS_PRIVATE_EXTERN = YES;
				GCC_VERSION = com.apple.compilers.llvm.clang.1_0;
				GENERATE_PKGINFO_FILE = YES;
				HEADER_SEARCH_PATHS = ("/Users/shaikathossain/Desktop/JUCE/VST_SDK/VST3_SDK", "../../JuceLibraryCode", "../../../Downloads/JUCE/modules", "/Users/shaikathossain/Downloads/VST_SDK/VST3_SDK/", "../../../Downloads/JUCE/modules/juce_audio_plugin_client", "$(inherited)");
				INFOPLIST_FILE = Info-AU.plist;
				INFOPLIST_PREPROCESS = NO;
				INSTALL_PATH = "$(HOME)/Library/Audio/Plug-Ins/Components/";
				LIBRARY_STYLE = Bundle;
				LLVM_LTO = YES;
				MACOSX_DEPLOYMENT_TARGET = 10.11;
				MACOSX_DEPLOYMENT_TARGET_ppc = 10.4;
				OTHER_LDFLAGS = "-bundle -lArchetype_Synth";
				OTHER_REZFLAGS = "-d ppc_$ppc -d i386_$i386 -d ppc64_$ppc64 -d x86_64_$x86_64 -I /System/Library/Frameworks/CoreServices.framework/Frameworks/CarbonCore.framework/Versions/A/Headers -I \"$(DEVELOPER_DIR)/Extras/CoreAudio/AudioUnits/AUPublic/AUBase\"";
				PRODUCT_BUNDLE_IDENTIFIER = com.yourcompany.Archetype_Synth;
				SDKROOT_ppc = macosx10.5;
				USE_HEADERMAP = NO;
				WRAPPER_EXTENSION = component; }; name = Release; };
		864764BA636E5150C958C671 = {isa = XCBuildConfiguration; buildSettings = {
				CLANG_CXX_LANGUAGE_STANDARD = "c++14";
				CLANG_CXX_LIBRARY = "libc++";
				CLANG_LINK_OBJC_RUNTIME = NO;
				COMBINE_HIDPI_IMAGES = YES;
				CONFIGURATION_BUILD_DIR = "$(PROJECT_DIR)/build/$(CONFIGURATION)";
				COPY_PHASE_STRIP = NO;
				GCC_DYNAMIC_NO_PIC = NO;
				GCC_OPTIMIZATION_LEVEL = 0;
				GCC_PREPROCESSOR_DEFINITIONS = (
					"_DEBUG=1",
					"DEBUG=1",
					"JUCER_XCODE_MAC_F6D2F4CF=1",
					"JUCE_APP_VERSION=1.0.0",
					"JUCE_APP_VERSION_HEX=0x10000",
					"JucePlugin_Build_VST=0",
					"JucePlugin_Build_VST3=0",
					"JucePlugin_Build_AU=0",
					"JucePlugin_Build_AUv3=0",
					"JucePlugin_Build_RTAS=0",
					"JucePlugin_Build_AAX=0",
					"JucePlugin_Build_Standalone=1", );
				GCC_VERSION = com.apple.compilers.llvm.clang.1_0;
				HEADER_SEARCH_PATHS = ("/Users/shaikathossain/Desktop/JUCE/VST_SDK/VST3_SDK", "../../JuceLibraryCode", "../../../Downloads/JUCE/modules", "/Users/shaikathossain/Downloads/Maximilian-master", "/Users/shaikathossain/Downloads/VST_SDK/VST3_SDK/", "../../../Downloads/JUCE/modules/juce_audio_plugin_client", "$(inherited)");
				INFOPLIST_FILE = Info-Standalone_Plugin.plist;
				INFOPLIST_PREPROCESS = NO;
				MACOSX_DEPLOYMENT_TARGET = 10.11;
				MACOSX_DEPLOYMENT_TARGET_ppc = 10.4;
				OTHER_LDFLAGS = "-lArchetype_Synth";
				PRODUCT_BUNDLE_IDENTIFIER = com.yourcompany.Archetype_Synth;
				SDKROOT_ppc = macosx10.5;
				USE_HEADERMAP = NO; }; name = Debug; };
		82B1E076DE273D0ED89F0487 = {isa = XCBuildConfiguration; buildSettings = {
				CLANG_CXX_LANGUAGE_STANDARD = "c++14";
				CLANG_CXX_LIBRARY = "libc++";
				CLANG_LINK_OBJC_RUNTIME = NO;
				COMBINE_HIDPI_IMAGES = YES;
				CONFIGURATION_BUILD_DIR = "$(PROJECT_DIR)/build/$(CONFIGURATION)";
				DEAD_CODE_STRIPPING = YES;
				GCC_GENERATE_DEBUGGING_SYMBOLS = NO;
				GCC_OPTIMIZATION_LEVEL = 3;
				GCC_PREPROCESSOR_DEFINITIONS = (
					"_NDEBUG=1",
					"NDEBUG=1",
					"JUCER_XCODE_MAC_F6D2F4CF=1",
					"JUCE_APP_VERSION=1.0.0",
					"JUCE_APP_VERSION_HEX=0x10000",
					"JucePlugin_Build_VST=0",
					"JucePlugin_Build_VST3=0",
					"JucePlugin_Build_AU=0",
					"JucePlugin_Build_AUv3=0",
					"JucePlugin_Build_RTAS=0",
					"JucePlugin_Build_AAX=0",
					"JucePlugin_Build_Standalone=1", );
				GCC_SYMBOLS_PRIVATE_EXTERN = YES;
				GCC_VERSION = com.apple.compilers.llvm.clang.1_0;
				HEADER_SEARCH_PATHS = ("/Users/shaikathossain/Desktop/JUCE/VST_SDK/VST3_SDK", "../../JuceLibraryCode", "../../../Downloads/JUCE/modules", "/Users/shaikathossain/Downloads/VST_SDK/VST3_SDK/", "../../../Downloads/JUCE/modules/juce_audio_plugin_client", "$(inherited)");
				INFOPLIST_FILE = Info-Standalone_Plugin.plist;
				INFOPLIST_PREPROCESS = NO;
				LLVM_LTO = YES;
				MACOSX_DEPLOYMENT_TARGET = 10.11;
				MACOSX_DEPLOYMENT_TARGET_ppc = 10.4;
				OTHER_LDFLAGS = "-lArchetype_Synth";
				PRODUCT_BUNDLE_IDENTIFIER = com.yourcompany.Archetype_Synth;
				SDKROOT_ppc = macosx10.5;
				USE_HEADERMAP = NO; }; name = Release; };
		6A5BB882E94F2AC947262BF5 = {isa = XCBuildConfiguration; buildSettings = {
				CLANG_CXX_LANGUAGE_STANDARD = "c++14";
				CLANG_CXX_LIBRARY = "libc++";
				CLANG_LINK_OBJC_RUNTIME = NO;
				COMBINE_HIDPI_IMAGES = YES;
				CONFIGURATION_BUILD_DIR = "$(PROJECT_DIR)/build/$(CONFIGURATION)";
				COPY_PHASE_STRIP = NO;
				GCC_DYNAMIC_NO_PIC = NO;
				GCC_OPTIMIZATION_LEVEL = 0;
				GCC_PREPROCESSOR_DEFINITIONS = (
					"_DEBUG=1",
					"DEBUG=1",
					"JUCER_XCODE_MAC_F6D2F4CF=1",
					"JUCE_APP_VERSION=1.0.0",
					"JUCE_APP_VERSION_HEX=0x10000",
					"JucePlugin_Build_VST=1",
					"JucePlugin_Build_VST3=1",
					"JucePlugin_Build_AU=1",
					"JucePlugin_Build_AUv3=0",
					"JucePlugin_Build_RTAS=0",
					"JucePlugin_Build_AAX=0",
					"JucePlugin_Build_Standalone=1",
					"JUCE_SHARED_CODE=1", );
				GCC_VERSION = com.apple.compilers.llvm.clang.1_0;
				HEADER_SEARCH_PATHS = ("/Users/shaikathossain/Desktop/JUCE/VST_SDK/VST3_SDK", "../../JuceLibraryCode", "../../../Downloads/JUCE/modules", "/Users/shaikathossain/Downloads/Maximilian-master", "/Users/shaikathossain/Downloads/VST_SDK/VST3_SDK/", "../../../Downloads/JUCE/modules/juce_audio_plugin_client", "$(inherited)");
				INSTALL_PATH = "@executable_path/../Frameworks";
				MACOSX_DEPLOYMENT_TARGET = 10.11;
				MACOSX_DEPLOYMENT_TARGET_ppc = 10.4;
				PRODUCT_BUNDLE_IDENTIFIER = com.yourcompany.Archetype_Synth;
				SDKROOT_ppc = macosx10.5;
				USE_HEADERMAP = NO; }; name = Debug; };
		982E8B261713CBEC0A3612D3 = {isa = XCBuildConfiguration; buildSettings = {
				CLANG_CXX_LANGUAGE_STANDARD = "c++14";
				CLANG_CXX_LIBRARY = "libc++";
				CLANG_LINK_OBJC_RUNTIME = NO;
				COMBINE_HIDPI_IMAGES = YES;
				CONFIGURATION_BUILD_DIR = "$(PROJECT_DIR)/build/$(CONFIGURATION)";
				DEAD_CODE_STRIPPING = YES;
				GCC_GENERATE_DEBUGGING_SYMBOLS = NO;
				GCC_OPTIMIZATION_LEVEL = 3;
				GCC_PREPROCESSOR_DEFINITIONS = (
					"_NDEBUG=1",
					"NDEBUG=1",
					"JUCER_XCODE_MAC_F6D2F4CF=1",
					"JUCE_APP_VERSION=1.0.0",
					"JUCE_APP_VERSION_HEX=0x10000",
					"JucePlugin_Build_VST=1",
					"JucePlugin_Build_VST3=1",
					"JucePlugin_Build_AU=1",
					"JucePlugin_Build_AUv3=0",
					"JucePlugin_Build_RTAS=0",
					"JucePlugin_Build_AAX=0",
					"JucePlugin_Build_Standalone=1",
					"JUCE_SHARED_CODE=1", );
				GCC_SYMBOLS_PRIVATE_EXTERN = YES;
				GCC_VERSION = com.apple.compilers.llvm.clang.1_0;
				HEADER_SEARCH_PATHS = ("/Users/shaikathossain/Desktop/JUCE/VST_SDK/VST3_SDK", "../../JuceLibraryCode", "../../../Downloads/JUCE/modules", "/Users/shaikathossain/Downloads/VST_SDK/VST3_SDK/", "../../../Downloads/JUCE/modules/juce_audio_plugin_client", "$(inherited)");
				INSTALL_PATH = "@executable_path/../Frameworks";
				LLVM_LTO = YES;
				MACOSX_DEPLOYMENT_TARGET = 10.11;
				MACOSX_DEPLOYMENT_TARGET_ppc = 10.4;
				PRODUCT_BUNDLE_IDENTIFIER = com.yourcompany.Archetype_Synth;
				SDKROOT_ppc = macosx10.5;
				USE_HEADERMAP = NO; }; name = Release; };
		C087BAB3F68EA1D94833E1B0 = {isa = XCBuildConfiguration; buildSettings = {
				ALWAYS_SEARCH_USER_PATHS = NO;
				CLANG_WARN_BLOCK_CAPTURE_AUTORELEASING = YES;
				CLANG_WARN_BOOL_CONVERSION = YES;
				CLANG_WARN_COMMA = YES;
				CLANG_WARN_CONSTANT_CONVERSION = YES;
				CLANG_WARN_EMPTY_BODY = YES;
				CLANG_WARN_ENUM_CONVERSION = YES;
				CLANG_WARN_INFINITE_RECURSION = YES;
				CLANG_WARN_INT_CONVERSION = YES;
				CLANG_WARN_NON_LITERAL_NULL_CONVERSION = YES;
				CLANG_WARN_OBJC_LITERAL_CONVERSION = YES;
				CLANG_WARN_RANGE_LOOP_ANALYSIS = YES;
				CLANG_WARN_STRICT_PROTOTYPES = YES;
				CLANG_WARN_SUSPICIOUS_MOVE = YES;
				CLANG_WARN_UNREACHABLE_CODE = YES;
				CLANG_WARN__DUPLICATE_METHOD_MATCH = YES;
				DEBUG_INFORMATION_FORMAT = "dwarf";
				ENABLE_STRICT_OBJC_MSGSEND = YES;
				ENABLE_TESTABILITY = YES;
				GCC_C_LANGUAGE_STANDARD = c11;
				GCC_INLINES_ARE_PRIVATE_EXTERN = YES;
				GCC_MODEL_TUNING = G5;
				GCC_NO_COMMON_BLOCKS = YES;
				GCC_WARN_64_TO_32_BIT_CONVERSION = YES;
				GCC_WARN_ABOUT_RETURN_TYPE = YES;
				GCC_WARN_CHECK_SWITCH_STATEMENTS = YES;
				GCC_WARN_MISSING_PARENTHESES = YES;
				GCC_WARN_NON_VIRTUAL_DESTRUCTOR = YES;
				GCC_WARN_TYPECHECK_CALLS_TO_PRINTF = YES;
				GCC_WARN_UNDECLARED_SELECTOR = YES;
				GCC_WARN_UNINITIALIZED_AUTOS = YES;
				GCC_WARN_UNUSED_FUNCTION = YES;
				GCC_WARN_UNUSED_VARIABLE = YES;
				ONLY_ACTIVE_ARCH = YES;
				PRODUCT_NAME = "Archetype_Synth";
				WARNING_CFLAGS = -Wreorder;
				ZERO_LINK = NO; }; name = Debug; };
		9F73DE945D0A31BFB1D8AA13 = {isa = XCBuildConfiguration; buildSettings = {
				ALWAYS_SEARCH_USER_PATHS = NO;
				CLANG_WARN_BLOCK_CAPTURE_AUTORELEASING = YES;
				CLANG_WARN_BOOL_CONVERSION = YES;
				CLANG_WARN_COMMA = YES;
				CLANG_WARN_CONSTANT_CONVERSION = YES;
				CLANG_WARN_EMPTY_BODY = YES;
				CLANG_WARN_ENUM_CONVERSION = YES;
				CLANG_WARN_INFINITE_RECURSION = YES;
				CLANG_WARN_INT_CONVERSION = YES;
				CLANG_WARN_NON_LITERAL_NULL_CONVERSION = YES;
				CLANG_WARN_OBJC_LITERAL_CONVERSION = YES;
				CLANG_WARN_RANGE_LOOP_ANALYSIS = YES;
				CLANG_WARN_STRICT_PROTOTYPES = YES;
				CLANG_WARN_SUSPICIOUS_MOVE = YES;
				CLANG_WARN_UNREACHABLE_CODE = YES;
				CLANG_WARN__DUPLICATE_METHOD_MATCH = YES;
				DEBUG_INFORMATION_FORMAT = "dwarf";
				ENABLE_STRICT_OBJC_MSGSEND = YES;
				GCC_C_LANGUAGE_STANDARD = c11;
				GCC_INLINES_ARE_PRIVATE_EXTERN = YES;
				GCC_MODEL_TUNING = G5;
				GCC_NO_COMMON_BLOCKS = YES;
				GCC_WARN_64_TO_32_BIT_CONVERSION = YES;
				GCC_WARN_ABOUT_RETURN_TYPE = YES;
				GCC_WARN_CHECK_SWITCH_STATEMENTS = YES;
				GCC_WARN_MISSING_PARENTHESES = YES;
				GCC_WARN_NON_VIRTUAL_DESTRUCTOR = YES;
				GCC_WARN_TYPECHECK_CALLS_TO_PRINTF = YES;
				GCC_WARN_UNDECLARED_SELECTOR = YES;
				GCC_WARN_UNINITIALIZED_AUTOS = YES;
				GCC_WARN_UNUSED_FUNCTION = YES;
				GCC_WARN_UNUSED_VARIABLE = YES;
				PRODUCT_NAME = "Archetype_Synth";
				WARNING_CFLAGS = -Wreorder;
				ZERO_LINK = NO; }; name = Release; };
		36A4E852432F3D757F5FE1D3 = {isa = PBXTargetDependency; target = 4C87CBFE2FB807ECB0A49A22; };
		656A6FE0945AB5D4FCB7F3B9 = {isa = PBXTargetDependency; target = A45BD6F9E9CDEC12EBC7315F; };
		CC82197458745A8CC7047909 = {isa = PBXTargetDependency; target = 596D7093F5AF387B1A4381EF; };
		914F6B2AE6CB269266355B9A = {isa = PBXTargetDependency; target = EA62BEF49D1E5B4F3319B090; };
		EED61177D7FB112827749EC4 = {isa = PBXTargetDependency; target = 353E18A7471DD021E6E88F08; };
		E71FBADFCD2B21F2B43AF97C = {isa = XCConfigurationList; buildConfigurations = (
					C087BAB3F68EA1D94833E1B0,
					9F73DE945D0A31BFB1D8AA13, ); defaultConfigurationIsVisible = 0; defaultConfigurationName = Debug; };
		2AF1BD8F335A57AC34D367AE = {isa = XCConfigurationList; buildConfigurations = (
					5C5A5A3EEEC1D50389DA47B6,
					56C8B676B17967CF2615232B, ); defaultConfigurationIsVisible = 0; defaultConfigurationName = Debug; };
		B46AE45C569008E2CAE3FC53 = {isa = PBXAggregateTarget; buildConfigurationList = 2AF1BD8F335A57AC34D367AE; buildPhases = (  ); buildRules = ( ); dependencies = (
					36A4E852432F3D757F5FE1D3,
					656A6FE0945AB5D4FCB7F3B9,
					CC82197458745A8CC7047909,
					914F6B2AE6CB269266355B9A,
					EED61177D7FB112827749EC4, ); name = "Archetype_Synth - All"; productName = "Archetype_Synth"; };
		C20B40288D249C0F4E592792 = {isa = XCConfigurationList; buildConfigurations = (
					81646CD42822B21A26BC7ABB,
					36D9EC0321255EEFB5280633, ); defaultConfigurationIsVisible = 0; defaultConfigurationName = Debug; };
		0153C40B7718735C2F8E518A = {isa = PBXResourcesBuildPhase; buildActionMask = 2147483647; files = (
					27A0659F95430CEA18B2C75E, ); runOnlyForDeploymentPostprocessing = 0; };
		FD72E09A4B2132FC2DBE6B4A = {isa = PBXSourcesBuildPhase; buildActionMask = 2147483647; files = (
					BC821483CB9B109F9620C909, ); runOnlyForDeploymentPostprocessing = 0; };
		4E06490CFC2349A9B7F079E2 = {isa = PBXFrameworksBuildPhase; buildActionMask = 2147483647; files = (
					4C98A70C5641CC39B2E3858C,
					11F60CB953C4D93847BB8C71,
					519172D4BC23032CAEF91364,
					AD0868F03B25871330E5BF08,
					7D4205E7EE1646A9A751FD16,
					16B3066DDEED1187E4CAB277,
					3E6B21799D28911CADD16926,
					72CC80ABCA13443A26DD7FFC,
					E0F979EBDEE10CBFC451E347,
					C9545873FF0C2CCDB180AAE4,
					68100EE125BC705E13E05044,
					7CB79120D3542D9029E465F9,
					E8C8F6A4CFF5FF8DE94ED472,
					48BA07035C3EDB69BD931F52, ); runOnlyForDeploymentPostprocessing = 0; };
		4C87CBFE2FB807ECB0A49A22 = {isa = PBXNativeTarget; buildConfigurationList = C20B40288D249C0F4E592792; buildPhases = (
					0153C40B7718735C2F8E518A,
					FD72E09A4B2132FC2DBE6B4A,
					4E06490CFC2349A9B7F079E2, ); buildRules = ( ); dependencies = (
					EED61177D7FB112827749EC4, ); name = "Archetype_Synth - VST"; productName = "Archetype_Synth"; productReference = 19623CDFA4AC67BD70755AE5; productType = "com.apple.product-type.bundle"; };
		6F93B7E7C7B46A8DF95F71AA = {isa = XCConfigurationList; buildConfigurations = (
					21EF40B98170068881D87F5B,
					FB4BC909C3812C0446AF45B6, ); defaultConfigurationIsVisible = 0; defaultConfigurationName = Debug; };
		36E56AE4099B69DBA8E8732D = {isa = PBXResourcesBuildPhase; buildActionMask = 2147483647; files = (
					27A0659F95430CEA18B2C75E, ); runOnlyForDeploymentPostprocessing = 0; };
		03A478AFF3EB242D27F3F9CE = {isa = PBXSourcesBuildPhase; buildActionMask = 2147483647; files = (
					9A51FA3C449122F4761885FB, ); runOnlyForDeploymentPostprocessing = 0; };
		7F46E3BDE4B6E3A6373A2D3F = {isa = PBXFrameworksBuildPhase; buildActionMask = 2147483647; files = (
					4C98A70C5641CC39B2E3858C,
					11F60CB953C4D93847BB8C71,
					519172D4BC23032CAEF91364,
					AD0868F03B25871330E5BF08,
					7D4205E7EE1646A9A751FD16,
					16B3066DDEED1187E4CAB277,
					3E6B21799D28911CADD16926,
					72CC80ABCA13443A26DD7FFC,
					E0F979EBDEE10CBFC451E347,
					C9545873FF0C2CCDB180AAE4,
					68100EE125BC705E13E05044,
					7CB79120D3542D9029E465F9,
					E8C8F6A4CFF5FF8DE94ED472,
					48BA07035C3EDB69BD931F52, ); runOnlyForDeploymentPostprocessing = 0; };
		A45BD6F9E9CDEC12EBC7315F = {isa = PBXNativeTarget; buildConfigurationList = 6F93B7E7C7B46A8DF95F71AA; buildPhases = (
					36E56AE4099B69DBA8E8732D,
					03A478AFF3EB242D27F3F9CE,
					7F46E3BDE4B6E3A6373A2D3F, ); buildRules = ( ); dependencies = (
					EED61177D7FB112827749EC4, ); name = "Archetype_Synth - VST3"; productName = "Archetype_Synth"; productReference = 13846321331946551C5FBF2C; productType = "com.apple.product-type.bundle"; };
		49A98EA7C81F6FCA25410D64 = {isa = XCConfigurationList; buildConfigurations = (
					FFE85D1D13A9D7148C37CDCF,
					E121E966909D3E912CE06EAD, ); defaultConfigurationIsVisible = 0; defaultConfigurationName = Debug; };
		AC385D56F29A1887E4D60B01 = {isa = PBXResourcesBuildPhase; buildActionMask = 2147483647; files = (
					27A0659F95430CEA18B2C75E, ); runOnlyForDeploymentPostprocessing = 0; };
		0AEBC51BF9D56DAD965C2A19 = {isa = PBXRezBuildPhase; buildActionMask = 2147483647; files = (
					B433C8DBFEBED57AECCF0741, ); runOnlyForDeploymentPostprocessing = 0; };
		AF2F50C06761C9C3E6827366 = {isa = PBXSourcesBuildPhase; buildActionMask = 2147483647; files = (
					2E091A086D69242AFA19C3A9,
					2F99587F499E32FCA903B7A7, ); runOnlyForDeploymentPostprocessing = 0; };
		3EA2E4CDC79DA380F57CC280 = {isa = PBXFrameworksBuildPhase; buildActionMask = 2147483647; files = (
					4C98A70C5641CC39B2E3858C,
					11F60CB953C4D93847BB8C71,
					725250BCF77F4EF992B8CC95,
					519172D4BC23032CAEF91364,
					AD0868F03B25871330E5BF08,
					7D4205E7EE1646A9A751FD16,
					16B3066DDEED1187E4CAB277,
					3E6B21799D28911CADD16926,
					32AFC1D74AB46A1D07038ABC,
					72CC80ABCA13443A26DD7FFC,
					E0F979EBDEE10CBFC451E347,
					C9545873FF0C2CCDB180AAE4,
					68100EE125BC705E13E05044,
					7CB79120D3542D9029E465F9,
					E8C8F6A4CFF5FF8DE94ED472,
					48BA07035C3EDB69BD931F52, ); runOnlyForDeploymentPostprocessing = 0; };
		596D7093F5AF387B1A4381EF = {isa = PBXNativeTarget; buildConfigurationList = 49A98EA7C81F6FCA25410D64; buildPhases = (
					AC385D56F29A1887E4D60B01,
					0AEBC51BF9D56DAD965C2A19,
					AF2F50C06761C9C3E6827366,
					3EA2E4CDC79DA380F57CC280, ); buildRules = ( ); dependencies = (
					EED61177D7FB112827749EC4, ); name = "Archetype_Synth - AU"; productName = "Archetype_Synth"; productReference = 8C12DDB28DBCFB643B1E7F63; productType = "com.apple.product-type.bundle"; };
		BE2F8120FC674A438F5080EA = {isa = XCConfigurationList; buildConfigurations = (
					864764BA636E5150C958C671,
					82B1E076DE273D0ED89F0487, ); defaultConfigurationIsVisible = 0; defaultConfigurationName = Debug; };
		D92795E4056576BB70B7A57A = {isa = PBXResourcesBuildPhase; buildActionMask = 2147483647; files = (
					27A0659F95430CEA18B2C75E, ); runOnlyForDeploymentPostprocessing = 0; };
		336D0B712A8D36B82A764EA8 = {isa = PBXSourcesBuildPhase; buildActionMask = 2147483647; files = (
					031869E237C15B8FDAA85EAD, ); runOnlyForDeploymentPostprocessing = 0; };
		0D59D01EE71105027F0C0F72 = {isa = PBXFrameworksBuildPhase; buildActionMask = 2147483647; files = (
					4C98A70C5641CC39B2E3858C,
					11F60CB953C4D93847BB8C71,
					519172D4BC23032CAEF91364,
					AD0868F03B25871330E5BF08,
					7D4205E7EE1646A9A751FD16,
					16B3066DDEED1187E4CAB277,
					3E6B21799D28911CADD16926,
					72CC80ABCA13443A26DD7FFC,
					E0F979EBDEE10CBFC451E347,
					C9545873FF0C2CCDB180AAE4,
					68100EE125BC705E13E05044,
					7CB79120D3542D9029E465F9,
					E8C8F6A4CFF5FF8DE94ED472,
					48BA07035C3EDB69BD931F52, ); runOnlyForDeploymentPostprocessing = 0; };
		EA62BEF49D1E5B4F3319B090 = {isa = PBXNativeTarget; buildConfigurationList = BE2F8120FC674A438F5080EA; buildPhases = (
					D92795E4056576BB70B7A57A,
					336D0B712A8D36B82A764EA8,
					0D59D01EE71105027F0C0F72, ); buildRules = ( ); dependencies = (
					EED61177D7FB112827749EC4, ); name = "Archetype_Synth - Standalone Plugin"; productName = "Archetype_Synth"; productReference = 1482DF8E53C02C61FE8C9299; productType = "com.apple.product-type.application"; };
		837570635131F14C8037404B = {isa = XCConfigurationList; buildConfigurations = (
					6A5BB882E94F2AC947262BF5,
					982E8B261713CBEC0A3612D3, ); defaultConfigurationIsVisible = 0; defaultConfigurationName = Debug; };
		14AA8DC47AE2CEAEA990E344 = {isa = PBXSourcesBuildPhase; buildActionMask = 2147483647; files = (
					97AECA6FA0CC36A52E7D9832,
					16AF2C8B7436205FF83A21B8,
					74168B923CFB3D8A320F530E,
					819BE560CBE231A08E4FA981,
					2A5FE1A15FF9665B45FD6217,
					B220C2D4030E1E9C74C3F861,
					C04A0B6406B933BCDD307DF1,
					C5680118DC82B948AC395ACD,
					922BB357D34BC5B3CDEAB4F9,
					7160CC99457B5512326A8F0B,
					2C854ADDAB06E5B6DFFAC6FA,
					90E924A02E4F770CE5984717,
					9FEBF75C262D072FFEEF3DC1,
					D8FD87BF9AF354A786DCF4EB,
					E1F12A0D5E3C6133CB23CED8,
					736AE1C4ADEB8A5873228042,
					7700EC89D11D7F74ADD6D635,
					C07FAB7181493BDD1E50BB4B,
					BAA97987D73ED7209BD6D361,
					05DED2AED156CE13769E212F,
					15F6FB3EBD6DDE65A1514AF1,
					8687A977B03C840D09B9B900,
					86C8A4CC73EA8E454C85BC06,
					B6FC6638CC5F4F473A1A6B59,
					1E6BE660BE5716D70A2653ED,
					E1EB350C0C219C304F4D755C,
					252D0A6CD3A97144806C0AC3,
					565F1A749EA2418FA30862A0,
					DA93306493F91E350AE33043,
					4EF77922D7C979E9D0F93870,
					E669B3F79EAEE3F37A8E974F, ); runOnlyForDeploymentPostprocessing = 0; };
		353E18A7471DD021E6E88F08 = {isa = PBXNativeTarget; buildConfigurationList = 837570635131F14C8037404B; buildPhases = (
					14AA8DC47AE2CEAEA990E344, ); buildRules = ( ); dependencies = (  ); name = "Archetype_Synth - Shared Code"; productName = "Archetype_Synth"; productReference = 6EB404094F84C87A75A07C47; productType = "com.apple.product-type.library.static"; };
		4B02F3E066E378266B6B6D7D = {isa = PBXProject; buildConfigurationList = E71FBADFCD2B21F2B43AF97C; attributes = { LastUpgradeCheck = 0930; ORGANIZATIONNAME = ""; TargetAttributes = { B46AE45C569008E2CAE3FC53 = { SystemCapabilities = {com.apple.ApplicationGroups.iOS = { enabled = 0; }; com.apple.InAppPurchase = { enabled = 0; }; com.apple.InterAppAudio = { enabled = 0; }; com.apple.Push = { enabled = 0; }; com.apple.Sandbox = { enabled = 0; }; }; };4C87CBFE2FB807ECB0A49A22 = { SystemCapabilities = {com.apple.ApplicationGroups.iOS = { enabled = 0; }; com.apple.InAppPurchase = { enabled = 0; }; com.apple.InterAppAudio = { enabled = 0; }; com.apple.Push = { enabled = 0; }; com.apple.Sandbox = { enabled = 0; }; }; };A45BD6F9E9CDEC12EBC7315F = { SystemCapabilities = {com.apple.ApplicationGroups.iOS = { enabled = 0; }; com.apple.InAppPurchase = { enabled = 0; }; com.apple.InterAppAudio = { enabled = 0; }; com.apple.Push = { enabled = 0; }; com.apple.Sandbox = { enabled = 0; }; }; };596D7093F5AF387B1A4381EF = { SystemCapabilities = {com.apple.ApplicationGroups.iOS = { enabled = 0; }; com.apple.InAppPurchase = { enabled = 0; }; com.apple.InterAppAudio = { enabled = 0; }; com.apple.Push = { enabled = 0; }; com.apple.Sandbox = { enabled = 0; }; }; };EA62BEF49D1E5B4F3319B090 = { SystemCapabilities = {com.apple.ApplicationGroups.iOS = { enabled = 0; }; com.apple.InAppPurchase = { enabled = 0; }; com.apple.InterAppAudio = { enabled = 0; }; com.apple.Push = { enabled = 0; }; com.apple.Sandbox = { enabled = 0; }; }; };353E18A7471DD021E6E88F08 = { SystemCapabilities = {com.apple.ApplicationGroups.iOS = { enabled = 0; }; com.apple.InAppPurchase = { enabled = 0; }; com.apple.InterAppAudio = { enabled = 0; }; com.apple.Push = { enabled = 0; }; com.apple.Sandbox = { enabled = 0; }; }; }; }; }; compatibilityVersion = "Xcode 3.2"; hasScannedForEncodings = 0; mainGroup = A74C6DABD1D4A16345B1C971; projectDirPath = ""; projectRoot = ""; targets = (B46AE45C569008E2CAE3FC53, 4C87CBFE2FB807ECB0A49A22, A45BD6F9E9CDEC12EBC7315F, 596D7093F5AF387B1A4381EF, EA62BEF49D1E5B4F3319B090, 353E18A7471DD021E6E88F08); };
	};
	rootObject = 4B02F3E066E378266B6B6D7D;
}
